
Microsoft Visual Studio Solution File, Format Version 12.00
# Visual Studio Version 16
VisualStudioVersion = 16.0.30611.23
MinimumVisualStudioVersion = 10.0.40219.1
Project("{FAE04EC0-301F-11D3-BF4B-00C04F79EFBC}") = "NumberConveterProgram", "NumberConveterProgram.csproj", "{6A7B3E19-16F4-4F5A-90BA-2B9EF5D143F5}"
EndProject
Global
	GlobalSection(SolutionConfigurationPlatforms) = preSolution
		Debug|Any CPU = Debug|Any CPU
		Release|Any CPU = Release|Any CPU
	EndGlobalSection
	GlobalSection(ProjectConfigurationPlatforms) = postSolution
		{6A7B3E19-16F4-4F5A-90BA-2B9EF5D143F5}.Debug|Any CPU.ActiveCfg = Debug|Any CPU
		{6A7B3E19-16F4-4F5A-90BA-2B9EF5D143F5}.Debug|Any CPU.Build.0 = Debug|Any CPU
		{6A7B3E19-16F4-4F5A-90BA-2B9EF5D143F5}.Release|Any CPU.ActiveCfg = Release|Any CPU
		{6A7B3E19-16F4-4F5A-90BA-2B9EF5D143F5}.Release|Any CPU.Build.0 = Release|Any CPU
	EndGlobalSection
	GlobalSection(SolutionProperties) = preSolution
		HideSolutionNode = FALSE
	EndGlobalSection
	GlobalSection(ExtensibilityGlobals) = postSolution
		SolutionGuid = {4D92C2FB-0005-4ABA-B660-CA033A056ECB}
	EndGlobalSection
EndGlobal
